
Microsoft Visual Studio Solution File, Format Version 12.00
# Visual Studio 15
VisualStudioVersion = 15.0.27004.2006
MinimumVisualStudioVersion = 10.0.40219.1
Project("{FAE04EC0-301F-11D3-BF4B-00C04F79EFBC}") = "RB10.Bot.Library", "RB10.Bot.Library\RB10.Bot.Library.csproj", "{B45071E1-1484-43D3-BD65-65B8655F1F11}"
EndProject
Project("{FAE04EC0-301F-11D3-BF4B-00C04F79EFBC}") = "RB10.Bot.Ec", "RB10.Bot.Ec\RB10.Bot.Ec.csproj", "{D623C397-97C2-47E0-AC0B-AEA33E0B8675}"
EndProject
Project("{FAE04EC0-301F-11D3-BF4B-00C04F79EFBC}") = "RB10.Bot.WebApi", "RB10.Bot.WebApi\RB10.Bot.WebApi.csproj", "{3A49B42B-D580-4B08-B2D2-54C5E4A8B8E4}"
EndProject
Project("{FAE04EC0-301F-11D3-BF4B-00C04F79EFBC}") = "RB10.Bot.Crawler", "RB10.Bot.Crawler\RB10.Bot.Crawler.csproj", "{96DBE6E4-6F8F-47CC-BB7A-F1B673E5B175}"
EndProject
Project("{9A19103F-16F7-4668-BE54-9A1E7A4F7556}") = "RB10.Bot.Line", "RB10.Bot.Line\RB10.Bot.Line.csproj", "{FF543A19-3720-48CB-92E7-C1F4C8D9B21A}"
EndProject
Project("{9A19103F-16F7-4668-BE54-9A1E7A4F7556}") = "RB10.Bot.Functions", "RB10.Bot.Functions\RB10.Bot.Functions.csproj", "{53B4526B-42FC-4B98-8F16-6195530AD8AF}"
EndProject
Global
	GlobalSection(SolutionConfigurationPlatforms) = preSolution
		Debug|Any CPU = Debug|Any CPU
		Release|Any CPU = Release|Any CPU
	EndGlobalSection
	GlobalSection(ProjectConfigurationPlatforms) = postSolution
		{B45071E1-1484-43D3-BD65-65B8655F1F11}.Debug|Any CPU.ActiveCfg = Debug|Any CPU
		{B45071E1-1484-43D3-BD65-65B8655F1F11}.Debug|Any CPU.Build.0 = Debug|Any CPU
		{B45071E1-1484-43D3-BD65-65B8655F1F11}.Release|Any CPU.ActiveCfg = Release|Any CPU
		{B45071E1-1484-43D3-BD65-65B8655F1F11}.Release|Any CPU.Build.0 = Release|Any CPU
		{D623C397-97C2-47E0-AC0B-AEA33E0B8675}.Debug|Any CPU.ActiveCfg = Debug|Any CPU
		{D623C397-97C2-47E0-AC0B-AEA33E0B8675}.Debug|Any CPU.Build.0 = Debug|Any CPU
		{D623C397-97C2-47E0-AC0B-AEA33E0B8675}.Release|Any CPU.ActiveCfg = Release|Any CPU
		{D623C397-97C2-47E0-AC0B-AEA33E0B8675}.Release|Any CPU.Build.0 = Release|Any CPU
		{3A49B42B-D580-4B08-B2D2-54C5E4A8B8E4}.Debug|Any CPU.ActiveCfg = Debug|Any CPU
		{3A49B42B-D580-4B08-B2D2-54C5E4A8B8E4}.Debug|Any CPU.Build.0 = Debug|Any CPU
		{3A49B42B-D580-4B08-B2D2-54C5E4A8B8E4}.Release|Any CPU.ActiveCfg = Release|Any CPU
		{3A49B42B-D580-4B08-B2D2-54C5E4A8B8E4}.Release|Any CPU.Build.0 = Release|Any CPU
		{96DBE6E4-6F8F-47CC-BB7A-F1B673E5B175}.Debug|Any CPU.ActiveCfg = Debug|Any CPU
		{96DBE6E4-6F8F-47CC-BB7A-F1B673E5B175}.Debug|Any CPU.Build.0 = Debug|Any CPU
		{96DBE6E4-6F8F-47CC-BB7A-F1B673E5B175}.Release|Any CPU.ActiveCfg = Release|Any CPU
		{96DBE6E4-6F8F-47CC-BB7A-F1B673E5B175}.Release|Any CPU.Build.0 = Release|Any CPU
		{FF543A19-3720-48CB-92E7-C1F4C8D9B21A}.Debug|Any CPU.ActiveCfg = Debug|Any CPU
		{FF543A19-3720-48CB-92E7-C1F4C8D9B21A}.Debug|Any CPU.Build.0 = Debug|Any CPU
		{FF543A19-3720-48CB-92E7-C1F4C8D9B21A}.Release|Any CPU.ActiveCfg = Release|Any CPU
		{FF543A19-3720-48CB-92E7-C1F4C8D9B21A}.Release|Any CPU.Build.0 = Release|Any CPU
		{53B4526B-42FC-4B98-8F16-6195530AD8AF}.Debug|Any CPU.ActiveCfg = Debug|Any CPU
		{53B4526B-42FC-4B98-8F16-6195530AD8AF}.Debug|Any CPU.Build.0 = Debug|Any CPU
		{53B4526B-42FC-4B98-8F16-6195530AD8AF}.Release|Any CPU.ActiveCfg = Release|Any CPU
		{53B4526B-42FC-4B98-8F16-6195530AD8AF}.Release|Any CPU.Build.0 = Release|Any CPU
	EndGlobalSection
	GlobalSection(SolutionProperties) = preSolution
		HideSolutionNode = FALSE
	EndGlobalSection
	GlobalSection(ExtensibilityGlobals) = postSolution
		SolutionGuid = {86674988-5933-4038-A4BF-EBB94AB56386}
	EndGlobalSection
EndGlobal
